// !$*UTF8*$!
{
	archiveVersion = 1;
	classes = {
	};
	objectVersion = 50;
	objects = {

/* Begin PBXBuildFile section */
		22B3AA65238B89E0005C2D79 /* AppDelegate.swift in Sources */ = {isa = PBXBuildFile; fileRef = 22B3AA64238B89E0005C2D79 /* AppDelegate.swift */; };
		22B3AA67238B89E0005C2D79 /* SceneDelegate.swift in Sources */ = {isa = PBXBuildFile; fileRef = 22B3AA66238B89E0005C2D79 /* SceneDelegate.swift */; };
		22B3AA69238B89E0005C2D79 /* ViewController.swift in Sources */ = {isa = PBXBuildFile; fileRef = 22B3AA68238B89E0005C2D79 /* ViewController.swift */; };
		22B3AA6C238B89E0005C2D79 /* Main.storyboard in Resources */ = {isa = PBXBuildFile; fileRef = 22B3AA6A238B89E0005C2D79 /* Main.storyboard */; };
		22B3AA6E238B89E0005C2D79 /* Assets.xcassets in Resources */ = {isa = PBXBuildFile; fileRef = 22B3AA6D238B89E0005C2D79 /* Assets.xcassets */; };
		22B3AA71238B89E0005C2D79 /* LaunchScreen.storyboard in Resources */ = {isa = PBXBuildFile; fileRef = 22B3AA6F238B89E0005C2D79 /* LaunchScreen.storyboard */; };
/* End PBXBuildFile section */

/* Begin PBXFileReference section */
		22B3AA61238B89E0005C2D79 /* Rebuild-IOSVB.app */ = {isa = PBXFileReference; explicitFileType = wrapper.application; includeInIndex = 0; path = "Rebuild-IOSVB.app"; sourceTree = BUILT_PRODUCTS_DIR; };
		22B3AA64238B89E0005C2D79 /* AppDelegate.swift */ = {isa = PBXFileReference; lastKnownFileType = sourcecode.swift; path = AppDelegate.swift; sourceTree = "<group>"; };
		22B3AA66238B89E0005C2D79 /* SceneDelegate.swift */ = {isa = PBXFileReference; lastKnownFileType = sourcecode.swift; path = SceneDelegate.swift; sourceTree = "<group>"; };
		22B3AA68238B89E0005C2D79 /* ViewController.swift */ = {isa = PBXFileReference; lastKnownFileType = sourcecode.swift; path = ViewController.swift; sourceTree = "<group>"; };
		22B3AA6B238B89E0005C2D79 /* Base */ = {isa = PBXFileReference; lastKnownFileType = file.storyboard; name = Base; path = Base.lproj/Main.storyboard; sourceTree = "<group>"; };
		22B3AA6D238B89E0005C2D79 /* Assets.xcassets */ = {isa = PBXFileReference; lastKnownFileType = folder.assetcatalog; path = Assets.xcassets; sourceTree = "<group>"; };
		22B3AA70238B89E0005C2D79 /* Base */ = {isa = PBXFileReference; lastKnownFileType = file.storyboard; name = Base; path = Base.lproj/LaunchScreen.storyboard; sourceTree = "<group>"; };
		22B3AA72238B89E0005C2D79 /* Info.plist */ = {isa = PBXFileReference; lastKnownFileType = text.plist.xml; path = Info.plist; sourceTree = "<group>"; };
/* End PBXFileReference section */

/* Begin PBXFrameworksBuildPhase section */
		22B3AA5E238B89DF005C2D79 /* Frameworks */ = {
			isa = PBXFrameworksBuildPhase;
			buildActionMask = 2147483647;
			files = (
			);
			runOnlyForDeploymentPostprocessing = 0;
		};
/* End PBXFrameworksBuildPhase section */

/* Begin PBXGroup section */
		22B3AA58238B89DF005C2D79 = {
			isa = PBXGroup;
			children = (
				22B3AA63238B89E0005C2D79 /* Rebuild-IOSVB */,
				22B3AA62238B89E0005C2D79 /* Products */,
			);
			sourceTree = "<group>";
		};
		22B3AA62238B89E0005C2D79 /* Products */ = {
			isa = PBXGroup;
			children = (
				22B3AA61238B89E0005C2D79 /* Rebuild-IOSVB.app */,
			);
			name = Products;
			sourceTree = "<group>";
		};
		22B3AA63238B89E0005C2D79 /* Rebuild-IOSVB */ = {
			isa = PBXGroup;
			children = (
				22B3AA64238B89E0005C2D79 /* AppDelegate.swift */,
				22B3AA66238B89E0005C2D79 /* SceneDelegate.swift */,
				22B3AA68238B89E0005C2D79 /* ViewController.swift */,
				22B3AA6A238B89E0005C2D79 /* Main.storyboard */,
				22B3AA6D238B89E0005C2D79 /* Assets.xcassets */,
				22B3AA6F238B89E0005C2D79 /* LaunchScreen.storyboard */,
				22B3AA72238B89E0005C2D79 /* Info.plist */,
			);
			path = "Rebuild-IOSVB";
			sourceTree = "<group>";
		};
/* End PBXGroup section */

/* Begin PBXNativeTarget section */
		22B3AA60238B89DF005C2D79 /* Rebuild-IOSVB */ = {
			isa = PBXNativeTarget;
			buildConfigurationList = 22B3AA75238B89E0005C2D79 /* Build configuration list for PBXNativeTarget "Rebuild-IOSVB" */;
			buildPhases = (
				22B3AA5D238B89DF005C2D79 /* Sources */,
				22B3AA5E238B89DF005C2D79 /* Frameworks */,
				22B3AA5F238B89DF005C2D79 /* Resources */,
			);
			buildRules = (
			);
			dependencies = (
			);
			name = "Rebuild-IOSVB";
			productName = "Rebuild-IOSVB";
			productReference = 22B3AA61238B89E0005C2D79 /* Rebuild-IOSVB.app */;
			productType = "com.apple.product-type.application";
		};
/* End PBXNativeTarget section */

/* Begin PBXProject section */
		22B3AA59238B89DF005C2D79 /* Project object */ = {
			isa = PBXProject;
			attributes = {
				LastSwiftUpdateCheck = 1120;
				LastUpgradeCheck = 1120;
				ORGANIZATIONNAME = "Mắt Kính IG";
				TargetAttributes = {
					22B3AA60238B89DF005C2D79 = {
						CreatedOnToolsVersion = 11.2.1;
					};
				};
			};
			buildConfigurationList = 22B3AA5C238B89DF005C2D79 /* Build configuration list for PBXProject "Rebuild-IOSVB" */;
			compatibilityVersion = "Xcode 9.3";
			developmentRegion = en;
			hasScannedForEncodings = 0;
			knownRegions = (
				en,
				Base,
			);
			mainGroup = 22B3AA58238B89DF005C2D79;
			productRefGroup = 22B3AA62238B89E0005C2D79 /* Products */;
			projectDirPath = "";
			projectRoot = "";
			targets = (
				22B3AA60238B89DF005C2D79 /* Rebuild-IOSVB */,
			);
		};
/* End PBXProject section */

/* Begin PBXResourcesBuildPhase section */
		22B3AA5F238B89DF005C2D79 /* Resources */ = {
			isa = PBXResourcesBuildPhase;
			buildActionMask = 2147483647;
			files = (
				22B3AA71238B89E0005C2D79 /* LaunchScreen.storyboard in Resources */,
				22B3AA6E238B89E0005C2D79 /* Assets.xcassets in Resources */,
				22B3AA6C238B89E0005C2D79 /* Main.storyboard in Resources */,
			);
			runOnlyForDeploymentPostprocessing = 0;
		};
/* End PBXResourcesBuildPhase section */

/* Begin PBXSourcesBuildPhase section */
		22B3AA5D238B89DF005C2D79 /* Sources */ = {
			isa = PBXSourcesBuildPhase;
			buildActionMask = 2147483647;
			files = (
				22B3AA69238B89E0005C2D79 /* ViewController.swift in Sources */,
				22B3AA65238B89E0005C2D79 /* AppDelegate.swift in Sources */,
				22B3AA67238B89E0005C2D79 /* SceneDelegate.swift in Sources */,
			);
			runOnlyForDeploymentPostprocessing = 0;
		};
/* End PBXSourcesBuildPhase section */

/* Begin PBXVariantGroup section */
		22B3AA6A238B89E0005C2D79 /* Main.storyboard */ = {
			isa = PBXVariantGroup;
			children = (
				22B3AA6B238B89E0005C2D79 /* Base */,
			);
			name = Main.storyboard;
			sourceTree = "<group>";
		};
		22B3AA6F238B89E0005C2D79 /* LaunchScreen.storyboard */ = {
			isa = PBXVariantGroup;
			children = (
				22B3AA70238B89E0005C2D79 /* Base */,
			);
			name = LaunchScreen.storyboard;
			sourceTree = "<group>";
		};
/* End PBXVariantGroup section */

/* Begin XCBuildConfiguration section */
		22B3AA73238B89E0005C2D79 /* Debug */ = {
			isa = XCBuildConfiguration;
			buildSettings = {
				ALWAYS_SEARCH_USER_PATHS = NO;
				CLANG_ANALYZER_NONNULL = YES;
				CLANG_ANALYZER_NUMBER_OBJECT_CONVERSION = YES_AGGRESSIVE;
				CLANG_CXX_LANGUAGE_STANDARD = "gnu++14";
				CLANG_CXX_LIBRARY = "libc++";
				CLANG_ENABLE_MODULES = YES;
				CLANG_ENABLE_OBJC_ARC = YES;
				CLANG_ENABLE_OBJC_WEAK = YES;
				CLANG_WARN_BLOCK_CAPTURE_AUTORELEASING = YES;
				CLANG_WARN_BOOL_CONVERSION = YES;
				CLANG_WARN_COMMA = YES;
				CLANG_WARN_CONSTANT_CONVERSION = YES;
				CLANG_WARN_DEPRECATED_OBJC_IMPLEMENTATIONS = YES;
				CLANG_WARN_DIRECT_OBJC_ISA_USAGE = YES_ERROR;
				CLANG_WARN_DOCUMENTATION_COMMENTS = YES;
				CLANG_WARN_EMPTY_BODY = YES;
				CLANG_WARN_ENUM_CONVERSION = YES;
				CLANG_WARN_INFINITE_RECURSION = YES;
				CLANG_WARN_INT_CONVERSION = YES;
				CLANG_WARN_NON_LITERAL_NULL_CONVERSION = YES;
				CLANG_WARN_OBJC_IMPLICIT_RETAIN_SELF = YES;
				CLANG_WARN_OBJC_LITERAL_CONVERSION = YES;
				CLANG_WARN_OBJC_ROOT_CLASS = YES_ERROR;
				CLANG_WARN_RANGE_LOOP_ANALYSIS = YES;
				CLANG_WARN_STRICT_PROTOTYPES = YES;
				CLANG_WARN_SUSPICIOUS_MOVE = YES;
				CLANG_WARN_UNGUARDED_AVAILABILITY = YES_AGGRESSIVE;
				CLANG_WARN_UNREACHABLE_CODE = YES;
				CLANG_WARN__DUPLICATE_METHOD_MATCH = YES;
				COPY_PHASE_STRIP = NO;
				DEBUG_INFORMATION_FORMAT = dwarf;
				ENABLE_STRICT_OBJC_MSGSEND = YES;
				ENABLE_TESTABILITY = YES;
				GCC_C_LANGUAGE_STANDARD = gnu11;
				GCC_DYNAMIC_NO_PIC = NO;
				GCC_NO_COMMON_BLOCKS = YES;
				GCC_OPTIMIZATION_LEVEL = 0;
				GCC_PREPROCESSOR_DEFINITIONS = (
					"DEBUG=1",
					"$(inherited)",
				);
				GCC_WARN_64_TO_32_BIT_CONVERSION = YES;
				GCC_WARN_ABOUT_RETURN_TYPE = YES_ERROR;
				GCC_WARN_UNDECLARED_SELECTOR = YES;
				GCC_WARN_UNINITIALIZED_AUTOS = YES_AGGRESSIVE;
				GCC_WARN_UNUSED_FUNCTION = YES;
				GCC_WARN_UNUSED_VARIABLE = YES;
				IPHONEOS_DEPLOYMENT_TARGET = 13.2;
				MTL_ENABLE_DEBUG_INFO = INCLUDE_SOURCE;
				MTL_FAST_MATH = YES;
				ONLY_ACTIVE_ARCH = YES;
				SDKROOT = iphoneos;
				SWIFT_ACTIVE_COMPILATION_CONDITIONS = DEBUG;
				SWIFT_OPTIMIZATION_LEVEL = "-Onone";
			};
			name = Debug;
		};
		22B3AA74238B89E0005C2D79 /* Release */ = {
			isa = XCBuildConfiguration;
			buildSettings = {
				ALWAYS_SEARCH_USER_PATHS = NO;
				CLANG_ANALYZER_NONNULL = YES;
				CLANG_ANALYZER_NUMBER_OBJECT_CONVERSION = YES_AGGRESSIVE;
				CLANG_CXX_LANGUAGE_STANDARD = "gnu++14";
				CLANG_CXX_LIBRARY = "libc++";
				CLANG_ENABLE_MODULES = YES;
				CLANG_ENABLE_OBJC_ARC = YES;
				CLANG_ENABLE_OBJC_WEAK = YES;
				CLANG_WARN_BLOCK_CAPTURE_AUTORELEASING = YES;
				CLANG_WARN_BOOL_CONVERSION = YES;
				CLANG_WARN_COMMA = YES;
				CLANG_WARN_CONSTANT_CONVERSION = YES;
				CLANG_WARN_DEPRECATED_OBJC_IMPLEMENTATIONS = YES;
				CLANG_WARN_DIRECT_OBJC_ISA_USAGE = YES_ERROR;
				CLANG_WARN_DOCUMENTATION_COMMENTS = YES;
				CLANG_WARN_EMPTY_BODY = YES;
				CLANG_WARN_ENUM_CONVERSION = YES;
				CLANG_WARN_INFINITE_RECURSION = YES;
				CLANG_WARN_INT_CONVERSION = YES;
				CLANG_WARN_NON_LITERAL_NULL_CONVERSION = YES;
				CLANG_WARN_OBJC_IMPLICIT_RETAIN_SELF = YES;
				CLANG_WARN_OBJC_LITERAL_CONVERSION = YES;
				CLANG_WARN_OBJC_ROOT_CLASS = YES_ERROR;
				CLANG_WARN_RANGE_LOOP_ANALYSIS = YES;
				CLANG_WARN_STRICT_PROTOTYPES = YES;
				CLANG_WARN_SUSPICIOUS_MOVE = YES;
				CLANG_WARN_UNGUARDED_AVAILABILITY = YES_AGGRESSIVE;
				CLANG_WARN_UNREACHABLE_CODE = YES;
				CLANG_WARN__DUPLICATE_METHOD_MATCH = YES;
				COPY_PHASE_STRIP = NO;
				DEBUG_INFORMATION_FORMAT = "dwarf-with-dsym";
				ENABLE_NS_ASSERTIONS = NO;
				ENABLE_STRICT_OBJC_MSGSEND = YES;
				GCC_C_LANGUAGE_STANDARD = gnu11;
				GCC_NO_COMMON_BLOCKS = YES;
				GCC_WARN_64_TO_32_BIT_CONVERSION = YES;
				GCC_WARN_ABOUT_RETURN_TYPE = YES_ERROR;
				GCC_WARN_UNDECLARED_SELECTOR = YES;
				GCC_WARN_UNINITIALIZED_AUTOS = YES_AGGRESSIVE;
				GCC_WARN_UNUSED_FUNCTION = YES;
				GCC_WARN_UNUSED_VARIABLE = YES;
				IPHONEOS_DEPLOYMENT_TARGET = 13.2;
				MTL_ENABLE_DEBUG_INFO = NO;
				MTL_FAST_MATH = YES;
				SDKROOT = iphoneos;
				SWIFT_COMPILATION_MODE = wholemodule;
				SWIFT_OPTIMIZATION_LEVEL = "-O";
				VALIDATE_PRODUCT = YES;
			};
			name = Release;
		};
		22B3AA76238B89E0005C2D79 /* Debug */ = {
			isa = XCBuildConfiguration;
			buildSettings = {
				ASSETCATALOG_COMPILER_APPICON_NAME = AppIcon;
				CODE_SIGN_STYLE = Automatic;
				DEVELOPMENT_TEAM = 78KJ4VW88C;
				INFOPLIST_FILE = "Rebuild-IOSVB/Info.plist";
				LD_RUNPATH_SEARCH_PATHS = (
					"$(inherited)",
					"@executable_path/Frameworks",
				);
				PRODUCT_BUNDLE_IDENTIFIER = "matkinhig.Rebuild-IOSVB";
				PRODUCT_NAME = "$(TARGET_NAME)";
				SWIFT_VERSION = 5.0;
				TARGETED_DEVICE_FAMILY = "1,2";
			};
			name = Debug;
		};
		22B3AA77238B89E0005C2D79 /* Release */ = {
			isa = XCBuildConfiguration;
			buildSettings = {
				ASSETCATALOG_COMPILER_APPICON_NAME = AppIcon;
				CODE_SIGN_STYLE = Automatic;
				DEVELOPMENT_TEAM = 78KJ4VW88C;
				INFOPLIST_FILE = "Rebuild-IOSVB/Info.plist";
				LD_RUNPATH_SEARCH_PATHS = (
					"$(inherited)",
					"@executable_path/Frameworks",
				);
				PRODUCT_BUNDLE_IDENTIFIER = "matkinhig.Rebuild-IOSVB";
				PRODUCT_NAME = "$(TARGET_NAME)";
				SWIFT_VERSION = 5.0;
				TARGETED_DEVICE_FAMILY = "1,2";
			};
			name = Release;
		};
/* End XCBuildConfiguration section */

/* Begin XCConfigurationList section */
		22B3AA5C238B89DF005C2D79 /* Build configuration list for PBXProject "Rebuild-IOSVB" */ = {
			isa = XCConfigurationList;
			buildConfigurations = (
				22B3AA73238B89E0005C2D79 /* Debug */,
				22B3AA74238B89E0005C2D79 /* Release */,
			);
			defaultConfigurationIsVisible = 0;
			defaultConfigurationName = Release;
		};
		22B3AA75238B89E0005C2D79 /* Build configuration list for PBXNativeTarget "Rebuild-IOSVB" */ = {
			isa = XCConfigurationList;
			buildConfigurations = (
				22B3AA76238B89E0005C2D79 /* Debug */,
				22B3AA77238B89E0005C2D79 /* Release */,
			);
			defaultConfigurationIsVisible = 0;
			defaultConfigurationName = Release;
		};
/* End XCConfigurationList section */
	};
	rootObject = 22B3AA59238B89DF005C2D79 /* Project object */;
}
